
Microsoft Visual Studio Solution File, Format Version 12.00
# Visual Studio Version 17
VisualStudioVersion = 17.0.31903.59
MinimumVisualStudioVersion = 10.0.40219.1
Project("{FAE04EC0-301F-11D3-BF4B-00C04F79EFBC}") = "IdentityService", "IdentityService\IdentityService.csproj", "{F78A86AC-876B-4E81-BF8A-EA228AD30F82}"
EndProject
Project("{FAE04EC0-301F-11D3-BF4B-00C04F79EFBC}") = "MessageService", "MessageService\MessageService.csproj", "{FAFFC5DB-ABD3-439F-8C9C-8C343BB13B61}"
EndProject
Global
	GlobalSection(SolutionConfigurationPlatforms) = preSolution
		Debug|Any CPU = Debug|Any CPU
		Release|Any CPU = Release|Any CPU
	EndGlobalSection
	GlobalSection(ProjectConfigurationPlatforms) = postSolution
		{F78A86AC-876B-4E81-BF8A-EA228AD30F82}.Debug|Any CPU.ActiveCfg = Debug|Any CPU
		{F78A86AC-876B-4E81-BF8A-EA228AD30F82}.Debug|Any CPU.Build.0 = Debug|Any CPU
		{F78A86AC-876B-4E81-BF8A-EA228AD30F82}.Release|Any CPU.ActiveCfg = Release|Any CPU
		{F78A86AC-876B-4E81-BF8A-EA228AD30F82}.Release|Any CPU.Build.0 = Release|Any CPU
		{FAFFC5DB-ABD3-439F-8C9C-8C343BB13B61}.Debug|Any CPU.ActiveCfg = Debug|Any CPU
		{FAFFC5DB-ABD3-439F-8C9C-8C343BB13B61}.Debug|Any CPU.Build.0 = Debug|Any CPU
		{FAFFC5DB-ABD3-439F-8C9C-8C343BB13B61}.Release|Any CPU.ActiveCfg = Release|Any CPU
		{FAFFC5DB-ABD3-439F-8C9C-8C343BB13B61}.Release|Any CPU.Build.0 = Release|Any CPU
	EndGlobalSection
	GlobalSection(SolutionProperties) = preSolution
		HideSolutionNode = FALSE
	EndGlobalSection
EndGlobal
