
Microsoft Visual Studio Solution File, Format Version 12.00
# Visual Studio Version 17
VisualStudioVersion = 17.5.2.0
MinimumVisualStudioVersion = 10.0.40219.1
Project("{FAE04EC0-301F-11D3-BF4B-00C04F79EFBC}") = "ClanService", "ClanService\ClanService.csproj", "{14A0ECFC-EA00-C69F-0675-7FCB15F80EA3}"
EndProject
Project("{2150E333-8FDC-42A3-9474-1A3956D46DE8}") = "ClanServiceTests", "ClanServiceTests", "{E9324CE4-D019-43F6-BD32-92C4791404DB}"
EndProject
Project("{FAE04EC0-301F-11D3-BF4B-00C04F79EFBC}") = "UnitTests", "ClanServiceTests\UnitTests\UnitTests.csproj", "{E9785797-90A0-4CFD-B506-D4429BC5F644}"
EndProject
Global
	GlobalSection(SolutionConfigurationPlatforms) = preSolution
		Debug|Any CPU = Debug|Any CPU
		Release|Any CPU = Release|Any CPU
	EndGlobalSection
	GlobalSection(ProjectConfigurationPlatforms) = postSolution
		{14A0ECFC-EA00-C69F-0675-7FCB15F80EA3}.Debug|Any CPU.ActiveCfg = Debug|Any CPU
		{14A0ECFC-EA00-C69F-0675-7FCB15F80EA3}.Debug|Any CPU.Build.0 = Debug|Any CPU
		{14A0ECFC-EA00-C69F-0675-7FCB15F80EA3}.Release|Any CPU.ActiveCfg = Release|Any CPU
		{14A0ECFC-EA00-C69F-0675-7FCB15F80EA3}.Release|Any CPU.Build.0 = Release|Any CPU
		{E9785797-90A0-4CFD-B506-D4429BC5F644}.Debug|Any CPU.ActiveCfg = Debug|Any CPU
		{E9785797-90A0-4CFD-B506-D4429BC5F644}.Debug|Any CPU.Build.0 = Debug|Any CPU
		{E9785797-90A0-4CFD-B506-D4429BC5F644}.Release|Any CPU.ActiveCfg = Release|Any CPU
		{E9785797-90A0-4CFD-B506-D4429BC5F644}.Release|Any CPU.Build.0 = Release|Any CPU
	EndGlobalSection
	GlobalSection(SolutionProperties) = preSolution
		HideSolutionNode = FALSE
	EndGlobalSection
	GlobalSection(ExtensibilityGlobals) = postSolution
		SolutionGuid = {CC178759-37B7-4A27-842E-9BF3A0E268FD}
	EndGlobalSection
	GlobalSection(NestedProjects) = preSolution
		{E9785797-90A0-4CFD-B506-D4429BC5F644} = {E9324CE4-D019-43F6-BD32-92C4791404DB}
	EndGlobalSection
EndGlobal
